{"version":4,"terraform_version":"1.10.7","serial":1,"lineage":"b519f8c6-7921-cb31-115d-65bfa673da66","outputs":{"dynamodb_table_name":{"value":"samba-diallo-devops-tofu-state-2025","type":"string"},"s3_bucket_name":{"value":"samba-diallo-devops-tofu-state-2025","type":"string"}},"resources":[{"module":"module.state","mode":"managed","type":"aws_dynamodb_table","name":"tofu_locks","provider":"provider[\"registry.opentofu.org/hashicorp/aws\"]","instances":[{"schema_version":1,"attributes":{"arn":"arn:aws:dynamodb:us-east-2:511211062907:table/samba-diallo-devops-tofu-state-2025","attribute":[{"name":"LockID","type":"S"}],"billing_mode":"PAY_PER_REQUEST","deletion_protection_enabled":false,"global_secondary_index":[],"hash_key":"LockID","id":"samba-diallo-devops-tofu-state-2025","import_table":[],"local_secondary_index":[],"name":"samba-diallo-devops-tofu-state-2025","point_in_time_recovery":[{"enabled":false}],"range_key":null,"read_capacity":0,"replica":[],"restore_date_time":null,"restore_source_name":null,"restore_to_latest_time":null,"server_side_encryption":[],"stream_arn":"","stream_enabled":false,"stream_label":"","stream_view_type":"","table_class":"STANDARD","tags":null,"tags_all":{},"timeouts":null,"ttl":[{"attribute_name":"","enabled":false}],"write_capacity":0},"sensitive_attributes":[],"private":"eyJlMmJmYjczMC1lY2FhLTExZTYtOGY4OC0zNDM2M2JjN2M0YzAiOnsiY3JlYXRlIjoxODAwMDAwMDAwMDAwLCJkZWxldGUiOjYwMDAwMDAwMDAwMCwidXBkYXRlIjozNjAwMDAwMDAwMDAwfSwic2NoZW1hX3ZlcnNpb24iOiIxIn0="}]},{"module":"module.state","mode":"managed","type":"aws_s3_bucket","name":"tofu_state","provider":"provider[\"registry.opentofu.org/hashicorp/aws\"]","instances":[{"schema_version":0,"attributes":{"acceleration_status":"","acl":null,"arn":"arn:aws:s3:::samba-diallo-devops-tofu-state-2025","bucket":"samba-diallo-devops-tofu-state-2025","bucket_domain_name":"samba-diallo-devops-tofu-state-2025.s3.amazonaws.com","bucket_prefix":"","bucket_regional_domain_name":"samba-diallo-devops-tofu-state-2025.s3.us-east-2.amazonaws.com","cors_rule":[],"force_destroy":true,"grant":[{"id":"6a17cee38c0e4c810f8e574d1d95828fef90b1462fb695585bbe2f38c67c5907","permissions":["FULL_CONTROL"],"type":"CanonicalUser","uri":""}],"hosted_zone_id":"Z2O1EMRO9K5GLX","id":"samba-diallo-devops-tofu-state-2025","lifecycle_rule":[],"logging":[],"object_lock_configuration":[],"object_lock_enabled":false,"policy":"","region":"us-east-2","replication_configuration":[],"request_payer":"BucketOwner","server_side_encryption_configuration":[{"rule":[{"apply_server_side_encryption_by_default":[{"kms_master_key_id":"","sse_algorithm":"AES256"}],"bucket_key_enabled":false}]}],"tags":null,"tags_all":{},"timeouts":null,"versioning":[{"enabled":false,"mfa_delete":false}],"website":[],"website_domain":null,"website_endpoint":null},"sensitive_attributes":[],"private":"eyJlMmJmYjczMC1lY2FhLTExZTYtOGY4OC0zNDM2M2JjN2M0YzAiOnsiY3JlYXRlIjoxMjAwMDAwMDAwMDAwLCJkZWxldGUiOjM2MDAwMDAwMDAwMDAsInJlYWQiOjEyMDAwMDAwMDAwMDAsInVwZGF0ZSI6MTIwMDAwMDAwMDAwMH19"}]},{"module":"module.state","mode":"managed","type":"aws_s3_bucket_public_access_block","name":"public_access","provider":"provider[\"registry.opentofu.org/hashicorp/aws\"]","instances":[{"schema_version":0,"attributes":{"block_public_acls":true,"block_public_policy":true,"bucket":"samba-diallo-devops-tofu-state-2025","id":"samba-diallo-devops-tofu-state-2025","ignore_public_acls":true,"restrict_public_buckets":true},"sensitive_attributes":[],"private":"bnVsbA==","dependencies":["module.state.aws_s3_bucket.tofu_state"]}]},{"module":"module.state","mode":"managed","type":"aws_s3_bucket_server_side_encryption_configuration","name":"default","provider":"provider[\"registry.opentofu.org/hashicorp/aws\"]","instances":[{"schema_version":0,"attributes":{"bucket":"samba-diallo-devops-tofu-state-2025","expected_bucket_owner":"","id":"samba-diallo-devops-tofu-state-2025","rule":[{"apply_server_side_encryption_by_default":[{"kms_master_key_id":"","sse_algorithm":"AES256"}],"bucket_key_enabled":null}]},"sensitive_attributes":[],"private":"bnVsbA==","dependencies":["module.state.aws_s3_bucket.tofu_state"]}]},{"module":"module.state","mode":"managed","type":"aws_s3_bucket_versioning","name":"enabled","provider":"provider[\"registry.opentofu.org/hashicorp/aws\"]","instances":[{"schema_version":0,"attributes":{"bucket":"samba-diallo-devops-tofu-state-2025","expected_bucket_owner":"","id":"samba-diallo-devops-tofu-state-2025","mfa":null,"versioning_configuration":[{"mfa_delete":"","status":"Enabled"}]},"sensitive_attributes":[],"private":"bnVsbA==","dependencies":["module.state.aws_s3_bucket.tofu_state"]}]}],"check_results":null}
